
Microsoft Visual Studio Solution File, Format Version 12.00
# Visual Studio 2013
VisualStudioVersion = 12.0.30501.0
MinimumVisualStudioVersion = 10.0.40219.1
Project("{FAE04EC0-301F-11D3-BF4B-00C04F79EFBC}") = "WebService", "WebService\WebService.csproj", "{678D6B98-1FC3-46ED-94C2-92F1D028FC25}"
	ProjectSection(ProjectDependencies) = postProject
		{AE4A6AE4-AFF4-408A-A90A-92384F9847DE} = {AE4A6AE4-AFF4-408A-A90A-92384F9847DE}
	EndProjectSection
EndProject
Project("{FAE04EC0-301F-11D3-BF4B-00C04F79EFBC}") = "WS", "WS\WS.csproj", "{AE4A6AE4-AFF4-408A-A90A-92384F9847DE}"
EndProject
Global
	GlobalSection(SolutionConfigurationPlatforms) = preSolution
		Debug|Any CPU = Debug|Any CPU
		Release|Any CPU = Release|Any CPU
	EndGlobalSection
	GlobalSection(ProjectConfigurationPlatforms) = postSolution
		{678D6B98-1FC3-46ED-94C2-92F1D028FC25}.Debug|Any CPU.ActiveCfg = Debug|Any CPU
		{678D6B98-1FC3-46ED-94C2-92F1D028FC25}.Debug|Any CPU.Build.0 = Debug|Any CPU
		{678D6B98-1FC3-46ED-94C2-92F1D028FC25}.Release|Any CPU.ActiveCfg = Release|Any CPU
		{678D6B98-1FC3-46ED-94C2-92F1D028FC25}.Release|Any CPU.Build.0 = Release|Any CPU
		{AE4A6AE4-AFF4-408A-A90A-92384F9847DE}.Debug|Any CPU.ActiveCfg = Debug|Any CPU
		{AE4A6AE4-AFF4-408A-A90A-92384F9847DE}.Debug|Any CPU.Build.0 = Debug|Any CPU
		{AE4A6AE4-AFF4-408A-A90A-92384F9847DE}.Release|Any CPU.ActiveCfg = Release|Any CPU
		{AE4A6AE4-AFF4-408A-A90A-92384F9847DE}.Release|Any CPU.Build.0 = Release|Any CPU
	EndGlobalSection
	GlobalSection(SolutionProperties) = preSolution
		HideSolutionNode = FALSE
	EndGlobalSection
EndGlobal
